github.com/hugomods/utterances v0.1.0 h1:0mEKjG4eke/jdTPIxL2qfdm9W9TFpqgWh1x6d1n7Xg8=
github.com/hugomods/utterances v0.1.0/go.mod h1:p6YjYb9iUozzKTP6V6Rhw3DCaZeXv+qonNVl+UZE0A8=
github.com/imfing/hextra v0.8.3 h1:peKCtkOwcVMQV2EqMb/VUhwpYDsI1B14U1rDqAgMHzk=
github.com/imfing/hextra v0.8.3/go.mod h1:cEfel3lU/bSx7lTE/+uuR4GJaphyOyiwNR3PTqFTXpI=
